// !$*UTF8*$!
{
	archiveVersion = 1;
	classes = {
	};
	objectVersion = 46;
	objects = {

/* Begin PBXBuildFile section */
		D920FD6D18A83F0D000B7C5F /* Foundation.framework in Frameworks */ = {isa = PBXBuildFile; fileRef = D920FD6C18A83F0D000B7C5F /* Foundation.framework */; };
		D920FD6F18A83F0D000B7C5F /* CoreGraphics.framework in Frameworks */ = {isa = PBXBuildFile; fileRef = D920FD6E18A83F0D000B7C5F /* CoreGraphics.framework */; };
		D920FD7118A83F0D000B7C5F /* UIKit.framework in Frameworks */ = {isa = PBXBuildFile; fileRef = D920FD7018A83F0D000B7C5F /* UIKit.framework */; };
		D920FD7718A83F0D000B7C5F /* InfoPlist.strings in Resources */ = {isa = PBXBuildFile; fileRef = D920FD7518A83F0D000B7C5F /* InfoPlist.strings */; };
		D920FD7918A83F0D000B7C5F /* main.m in Sources */ = {isa = PBXBuildFile; fileRef = D920FD7818A83F0D000B7C5F /* main.m */; };
		D920FD7D18A83F0D000B7C5F /* AppDelegate.m in Sources */ = {isa = PBXBuildFile; fileRef = D920FD7C18A83F0D000B7C5F /* AppDelegate.m */; };
		D920FD8018A83F0D000B7C5F /* Main.storyboard in Resources */ = {isa = PBXBuildFile; fileRef = D920FD7E18A83F0D000B7C5F /* Main.storyboard */; };
		D920FD8318A83F0D000B7C5F /* ViewController.m in Sources */ = {isa = PBXBuildFile; fileRef = D920FD8218A83F0D000B7C5F /* ViewController.m */; };
		D920FD8518A83F0D000B7C5F /* Images.xcassets in Resources */ = {isa = PBXBuildFile; fileRef = D920FD8418A83F0D000B7C5F /* Images.xcassets */; };
		D920FD8C18A83F0D000B7C5F /* XCTest.framework in Frameworks */ = {isa = PBXBuildFile; fileRef = D920FD8B18A83F0D000B7C5F /* XCTest.framework */; };
		D920FD8D18A83F0D000B7C5F /* Foundation.framework in Frameworks */ = {isa = PBXBuildFile; fileRef = D920FD6C18A83F0D000B7C5F /* Foundation.framework */; };
		D920FD8E18A83F0D000B7C5F /* UIKit.framework in Frameworks */ = {isa = PBXBuildFile; fileRef = D920FD7018A83F0D000B7C5F /* UIKit.framework */; };
		D920FD9618A83F0D000B7C5F /* InfoPlist.strings in Resources */ = {isa = PBXBuildFile; fileRef = D920FD9418A83F0D000B7C5F /* InfoPlist.strings */; };
		D920FD9818A83F0D000B7C5F /* HelloWorldTests.m in Sources */ = {isa = PBXBuildFile; fileRef = D920FD9718A83F0D000B7C5F /* HelloWorldTests.m */; };
/* End PBXBuildFile section */

/* Begin PBXContainerItemProxy section */
		D920FD8F18A83F0D000B7C5F /* PBXContainerItemProxy */ = {
			isa = PBXContainerItemProxy;
			containerPortal = D920FD6118A83F0D000B7C5F /* Project object */;
			proxyType = 1;
			remoteGlobalIDString = D920FD6818A83F0D000B7C5F;
			remoteInfo = HelloWorld;
		};
/* End PBXContainerItemProxy section */

/* Begin PBXFileReference section */
		D920FD6918A83F0D000B7C5F /* HelloWorld.app */ = {isa = PBXFileReference; explicitFileType = wrapper.application; includeInIndex = 0; path = HelloWorld.app; sourceTree = BUILT_PRODUCTS_DIR; };
		D920FD6C18A83F0D000B7C5F /* Foundation.framework */ = {isa = PBXFileReference; lastKnownFileType = wrapper.framework; name = Foundation.framework; path = System/Library/Frameworks/Foundation.framework; sourceTree = SDKROOT; };
		D920FD6E18A83F0D000B7C5F /* CoreGraphics.framework */ = {isa = PBXFileReference; lastKnownFileType = wrapper.framework; name = CoreGraphics.framework; path = System/Library/Frameworks/CoreGraphics.framework; sourceTree = SDKROOT; };
		D920FD7018A83F0D000B7C5F /* UIKit.framework */ = {isa = PBXFileReference; lastKnownFileType = wrapper.framework; name = UIKit.framework; path = System/Library/Frameworks/UIKit.framework; sourceTree = SDKROOT; };
		D920FD7418A83F0D000B7C5F /* HelloWorld-Info.plist */ = {isa = PBXFileReference; lastKnownFileType = text.plist.xml; path = "HelloWorld-Info.plist"; sourceTree = "<group>"; };
		D920FD7618A83F0D000B7C5F /* en */ = {isa = PBXFileReference; lastKnownFileType = text.plist.strings; name = en; path = en.lproj/InfoPlist.strings; sourceTree = "<group>"; };
		D920FD7818A83F0D000B7C5F /* main.m */ = {isa = PBXFileReference; lastKnownFileType = sourcecode.c.objc; path = main.m; sourceTree = "<group>"; };
		D920FD7A18A83F0D000B7C5F /* HelloWorld-Prefix.pch */ = {isa = PBXFileReference; lastKnownFileType = sourcecode.c.h; path = "HelloWorld-Prefix.pch"; sourceTree = "<group>"; };
		D920FD7B18A83F0D000B7C5F /* AppDelegate.h */ = {isa = PBXFileReference; lastKnownFileType = sourcecode.c.h; path = AppDelegate.h; sourceTree = "<group>"; };
		D920FD7C18A83F0D000B7C5F /* AppDelegate.m */ = {isa = PBXFileReference; lastKnownFileType = sourcecode.c.objc; path = AppDelegate.m; sourceTree = "<group>"; };
		D920FD7F18A83F0D000B7C5F /* Base */ = {isa = PBXFileReference; lastKnownFileType = file.storyboard; name = Base; path = Base.lproj/Main.storyboard; sourceTree = "<group>"; };
		D920FD8118A83F0D000B7C5F /* ViewController.h */ = {isa = PBXFileReference; lastKnownFileType = sourcecode.c.h; path = ViewController.h; sourceTree = "<group>"; };
		D920FD8218A83F0D000B7C5F /* ViewController.m */ = {isa = PBXFileReference; lastKnownFileType = sourcecode.c.objc; path = ViewController.m; sourceTree = "<group>"; };
		D920FD8418A83F0D000B7C5F /* Images.xcassets */ = {isa = PBXFileReference; lastKnownFileType = folder.assetcatalog; path = Images.xcassets; sourceTree = "<group>"; };
		D920FD8A18A83F0D000B7C5F /* HelloWorldTests.xctest */ = {isa = PBXFileReference; explicitFileType = wrapper.cfbundle; includeInIndex = 0; path = HelloWorldTests.xctest; sourceTree = BUILT_PRODUCTS_DIR; };
		D920FD8B18A83F0D000B7C5F /* XCTest.framework */ = {isa = PBXFileReference; lastKnownFileType = wrapper.framework; name = XCTest.framework; path = Library/Frameworks/XCTest.framework; sourceTree = DEVELOPER_DIR; };
		D920FD9318A83F0D000B7C5F /* HelloWorldTests-Info.plist */ = {isa = PBXFileReference; lastKnownFileType = text.plist.xml; path = "HelloWorldTests-Info.plist"; sourceTree = "<group>"; };
		D920FD9518A83F0D000B7C5F /* en */ = {isa = PBXFileReference; lastKnownFileType = text.plist.strings; name = en; path = en.lproj/InfoPlist.strings; sourceTree = "<group>"; };
		D920FD9718A83F0D000B7C5F /* HelloWorldTests.m */ = {isa = PBXFileReference; lastKnownFileType = sourcecode.c.objc; path = HelloWorldTests.m; sourceTree = "<group>"; };
/* End PBXFileReference section */

/* Begin PBXFrameworksBuildPhase section */
		D920FD6618A83F0D000B7C5F /* Frameworks */ = {
			isa = PBXFrameworksBuildPhase;
			buildActionMask = 2147483647;
			files = (
				D920FD6F18A83F0D000B7C5F /* CoreGraphics.framework in Frameworks */,
				D920FD7118A83F0D000B7C5F /* UIKit.framework in Frameworks */,
				D920FD6D18A83F0D000B7C5F /* Foundation.framework in Frameworks */,
			);
			runOnlyForDeploymentPostprocessing = 0;
		};
		D920FD8718A83F0D000B7C5F /* Frameworks */ = {
			isa = PBXFrameworksBuildPhase;
			buildActionMask = 2147483647;
			files = (
				D920FD8C18A83F0D000B7C5F /* XCTest.framework in Frameworks */,
				D920FD8E18A83F0D000B7C5F /* UIKit.framework in Frameworks */,
				D920FD8D18A83F0D000B7C5F /* Foundation.framework in Frameworks */,
			);
			runOnlyForDeploymentPostprocessing = 0;
		};
/* End PBXFrameworksBuildPhase section */

/* Begin PBXGroup section */
		D920FD6018A83F0D000B7C5F = {
			isa = PBXGroup;
			children = (
				D920FD7218A83F0D000B7C5F /* HelloWorld */,
				D920FD9118A83F0D000B7C5F /* HelloWorldTests */,
				D920FD6B18A83F0D000B7C5F /* Frameworks */,
				D920FD6A18A83F0D000B7C5F /* Products */,
			);
			sourceTree = "<group>";
		};
		D920FD6A18A83F0D000B7C5F /* Products */ = {
			isa = PBXGroup;
			children = (
				D920FD6918A83F0D000B7C5F /* HelloWorld.app */,
				D920FD8A18A83F0D000B7C5F /* HelloWorldTests.xctest */,
			);
			name = Products;
			sourceTree = "<group>";
		};
		D920FD6B18A83F0D000B7C5F /* Frameworks */ = {
			isa = PBXGroup;
			children = (
				D920FD6C18A83F0D000B7C5F /* Foundation.framework */,
				D920FD6E18A83F0D000B7C5F /* CoreGraphics.framework */,
				D920FD7018A83F0D000B7C5F /* UIKit.framework */,
				D920FD8B18A83F0D000B7C5F /* XCTest.framework */,
			);
			name = Frameworks;
			sourceTree = "<group>";
		};
		D920FD7218A83F0D000B7C5F /* HelloWorld */ = {
			isa = PBXGroup;
			children = (
				D920FD7B18A83F0D000B7C5F /* AppDelegate.h */,
				D920FD7C18A83F0D000B7C5F /* AppDelegate.m */,
				D920FD7E18A83F0D000B7C5F /* Main.storyboard */,
				D920FD8118A83F0D000B7C5F /* ViewController.h */,
				D920FD8218A83F0D000B7C5F /* ViewController.m */,
				D920FD8418A83F0D000B7C5F /* Images.xcassets */,
				D920FD7318A83F0D000B7C5F /* Supporting Files */,
			);
			path = HelloWorld;
			sourceTree = "<group>";
		};
		D920FD7318A83F0D000B7C5F /* Supporting Files */ = {
			isa = PBXGroup;
			children = (
				D920FD7418A83F0D000B7C5F /* HelloWorld-Info.plist */,
				D920FD7518A83F0D000B7C5F /* InfoPlist.strings */,
				D920FD7818A83F0D000B7C5F /* main.m */,
				D920FD7A18A83F0D000B7C5F /* HelloWorld-Prefix.pch */,
			);
			name = "Supporting Files";
			sourceTree = "<group>";
		};
		D920FD9118A83F0D000B7C5F /* HelloWorldTests */ = {
			isa = PBXGroup;
			children = (
				D920FD9718A83F0D000B7C5F /* HelloWorldTests.m */,
				D920FD9218A83F0D000B7C5F /* Supporting Files */,
			);
			path = HelloWorldTests;
			sourceTree = "<group>";
		};
		D920FD9218A83F0D000B7C5F /* Supporting Files */ = {
			isa = PBXGroup;
			children = (
				D920FD9318A83F0D000B7C5F /* HelloWorldTests-Info.plist */,
				D920FD9418A83F0D000B7C5F /* InfoPlist.strings */,
			);
			name = "Supporting Files";
			sourceTree = "<group>";
		};
/* End PBXGroup section */

/* Begin PBXNativeTarget section */
		D920FD6818A83F0D000B7C5F /* HelloWorld */ = {
			isa = PBXNativeTarget;
			buildConfigurationList = D920FD9B18A83F0D000B7C5F /* Build configuration list for PBXNativeTarget "HelloWorld" */;
			buildPhases = (
				D920FD6518A83F0D000B7C5F /* Sources */,
				D920FD6618A83F0D000B7C5F /* Frameworks */,
				D920FD6718A83F0D000B7C5F /* Resources */,
			);
			buildRules = (
			);
			dependencies = (
			);
			name = HelloWorld;
			productName = HelloWorld;
			productReference = D920FD6918A83F0D000B7C5F /* HelloWorld.app */;
			productType = "com.apple.product-type.application";
		};
		D920FD8918A83F0D000B7C5F /* HelloWorldTests */ = {
			isa = PBXNativeTarget;
			buildConfigurationList = D920FD9E18A83F0D000B7C5F /* Build configuration list for PBXNativeTarget "HelloWorldTests" */;
			buildPhases = (
				D920FD8618A83F0D000B7C5F /* Sources */,
				D920FD8718A83F0D000B7C5F /* Frameworks */,
				D920FD8818A83F0D000B7C5F /* Resources */,
			);
			buildRules = (
			);
			dependencies = (
				D920FD9018A83F0D000B7C5F /* PBXTargetDependency */,
			);
			name = HelloWorldTests;
			productName = HelloWorldTests;
			productReference = D920FD8A18A83F0D000B7C5F /* HelloWorldTests.xctest */;
			productType = "com.apple.product-type.bundle.unit-test";
		};
/* End PBXNativeTarget section */

/* Begin PBXProject section */
		D920FD6118A83F0D000B7C5F /* Project object */ = {
			isa = PBXProject;
			attributes = {
				LastUpgradeCheck = 0500;
				ORGANIZATIONNAME = EssentialCollaboration;
				TargetAttributes = {
					D920FD8918A83F0D000B7C5F = {
						TestTargetID = D920FD6818A83F0D000B7C5F;
					};
				};
			};
			buildConfigurationList = D920FD6418A83F0D000B7C5F /* Build configuration list for PBXProject "HelloWorld" */;
			compatibilityVersion = "Xcode 3.2";
			developmentRegion = English;
			hasScannedForEncodings = 0;
			knownRegions = (
				en,
				Base,
			);
			mainGroup = D920FD6018A83F0D000B7C5F;
			productRefGroup = D920FD6A18A83F0D000B7C5F /* Products */;
			projectDirPath = "";
			projectRoot = "";
			targets = (
				D920FD6818A83F0D000B7C5F /* HelloWorld */,
				D920FD8918A83F0D000B7C5F /* HelloWorldTests */,
			);
		};
/* End PBXProject section */

/* Begin PBXResourcesBuildPhase section */
		D920FD6718A83F0D000B7C5F /* Resources */ = {
			isa = PBXResourcesBuildPhase;
			buildActionMask = 2147483647;
			files = (
				D920FD8518A83F0D000B7C5F /* Images.xcassets in Resources */,
				D920FD7718A83F0D000B7C5F /* InfoPlist.strings in Resources */,
				D920FD8018A83F0D000B7C5F /* Main.storyboard in Resources */,
			);
			runOnlyForDeploymentPostprocessing = 0;
		};
		D920FD8818A83F0D000B7C5F /* Resources */ = {
			isa = PBXResourcesBuildPhase;
			buildActionMask = 2147483647;
			files = (
				D920FD9618A83F0D000B7C5F /* InfoPlist.strings in Resources */,
			);
			runOnlyForDeploymentPostprocessing = 0;
		};
/* End PBXResourcesBuildPhase section */

/* Begin PBXSourcesBuildPhase section */
		D920FD6518A83F0D000B7C5F /* Sources */ = {
			isa = PBXSourcesBuildPhase;
			buildActionMask = 2147483647;
			files = (
				D920FD8318A83F0D000B7C5F /* ViewController.m in Sources */,
				D920FD7D18A83F0D000B7C5F /* AppDelegate.m in Sources */,
				D920FD7918A83F0D000B7C5F /* main.m in Sources */,
			);
			runOnlyForDeploymentPostprocessing = 0;
		};
		D920FD8618A83F0D000B7C5F /* Sources */ = {
			isa = PBXSourcesBuildPhase;
			buildActionMask = 2147483647;
			files = (
				D920FD9818A83F0D000B7C5F /* HelloWorldTests.m in Sources */,
			);
			runOnlyForDeploymentPostprocessing = 0;
		};
/* End PBXSourcesBuildPhase section */

/* Begin PBXTargetDependency section */
		D920FD9018A83F0D000B7C5F /* PBXTargetDependency */ = {
			isa = PBXTargetDependency;
			target = D920FD6818A83F0D000B7C5F /* HelloWorld */;
			targetProxy = D920FD8F18A83F0D000B7C5F /* PBXContainerItemProxy */;
		};
/* End PBXTargetDependency section */

/* Begin PBXVariantGroup section */
		D920FD7518A83F0D000B7C5F /* InfoPlist.strings */ = {
			isa = PBXVariantGroup;
			children = (
				D920FD7618A83F0D000B7C5F /* en */,
			);
			name = InfoPlist.strings;
			sourceTree = "<group>";
		};
		D920FD7E18A83F0D000B7C5F /* Main.storyboard */ = {
			isa = PBXVariantGroup;
			children = (
				D920FD7F18A83F0D000B7C5F /* Base */,
			);
			name = Main.storyboard;
			sourceTree = "<group>";
		};
		D920FD9418A83F0D000B7C5F /* InfoPlist.strings */ = {
			isa = PBXVariantGroup;
			children = (
				D920FD9518A83F0D000B7C5F /* en */,
			);
			name = InfoPlist.strings;
			sourceTree = "<group>";
		};
/* End PBXVariantGroup section */

/* Begin XCBuildConfiguration section */
		D920FD9918A83F0D000B7C5F /* Debug */ = {
			isa = XCBuildConfiguration;
			buildSettings = {
				ALWAYS_SEARCH_USER_PATHS = NO;
				ARCHS = "$(ARCHS_STANDARD_INCLUDING_64_BIT)";
				CLANG_CXX_LANGUAGE_STANDARD = "gnu++0x";
				CLANG_CXX_LIBRARY = "libc++";
				CLANG_ENABLE_MODULES = YES;
				CLANG_ENABLE_OBJC_ARC = YES;
				CLANG_WARN_BOOL_CONVERSION = YES;
				CLANG_WARN_CONSTANT_CONVERSION = YES;
				CLANG_WARN_DIRECT_OBJC_ISA_USAGE = YES_ERROR;
				CLANG_WARN_EMPTY_BODY = YES;
				CLANG_WARN_ENUM_CONVERSION = YES;
				CLANG_WARN_INT_CONVERSION = YES;
				CLANG_WARN_OBJC_ROOT_CLASS = YES_ERROR;
				CLANG_WARN__DUPLICATE_METHOD_MATCH = YES;
				"CODE_SIGN_IDENTITY[sdk=iphoneos*]" = "iPhone Developer";
				COPY_PHASE_STRIP = NO;
				GCC_C_LANGUAGE_STANDARD = gnu99;
				GCC_DYNAMIC_NO_PIC = NO;
				GCC_OPTIMIZATION_LEVEL = 0;
				GCC_PREPROCESSOR_DEFINITIONS = (
					"DEBUG=1",
					"$(inherited)",
				);
				GCC_SYMBOLS_PRIVATE_EXTERN = NO;
				GCC_WARN_64_TO_32_BIT_CONVERSION = YES;
				GCC_WARN_ABOUT_RETURN_TYPE = YES_ERROR;
				GCC_WARN_UNDECLARED_SELECTOR = YES;
				GCC_WARN_UNINITIALIZED_AUTOS = YES;
				GCC_WARN_UNUSED_FUNCTION = YES;
				GCC_WARN_UNUSED_VARIABLE = YES;
				IPHONEOS_DEPLOYMENT_TARGET = 7.0;
				ONLY_ACTIVE_ARCH = YES;
				SDKROOT = iphoneos;
				TARGETED_DEVICE_FAMILY = 2;
			};
			name = Debug;
		};
		D920FD9A18A83F0D000B7C5F /* Release */ = {
			isa = XCBuildConfiguration;
			buildSettings = {
				ALWAYS_SEARCH_USER_PATHS = NO;
				ARCHS = "$(ARCHS_STANDARD_INCLUDING_64_BIT)";
				CLANG_CXX_LANGUAGE_STANDARD = "gnu++0x";
				CLANG_CXX_LIBRARY = "libc++";
				CLANG_ENABLE_MODULES = YES;
				CLANG_ENABLE_OBJC_ARC = YES;
				CLANG_WARN_BOOL_CONVERSION = YES;
				CLANG_WARN_CONSTANT_CONVERSION = YES;
				CLANG_WARN_DIRECT_OBJC_ISA_USAGE = YES_ERROR;
				CLANG_WARN_EMPTY_BODY = YES;
				CLANG_WARN_ENUM_CONVERSION = YES;
				CLANG_WARN_INT_CONVERSION = YES;
				CLANG_WARN_OBJC_ROOT_CLASS = YES_ERROR;
				CLANG_WARN__DUPLICATE_METHOD_MATCH = YES;
				"CODE_SIGN_IDENTITY[sdk=iphoneos*]" = "iPhone Developer";
				COPY_PHASE_STRIP = YES;
				ENABLE_NS_ASSERTIONS = NO;
				GCC_C_LANGUAGE_STANDARD = gnu99;
				GCC_WARN_64_TO_32_BIT_CONVERSION = YES;
				GCC_WARN_ABOUT_RETURN_TYPE = YES_ERROR;
				GCC_WARN_UNDECLARED_SELECTOR = YES;
				GCC_WARN_UNINITIALIZED_AUTOS = YES;
				GCC_WARN_UNUSED_FUNCTION = YES;
				GCC_WARN_UNUSED_VARIABLE = YES;
				IPHONEOS_DEPLOYMENT_TARGET = 7.0;
				SDKROOT = iphoneos;
				TARGETED_DEVICE_FAMILY = 2;
				VALIDATE_PRODUCT = YES;
			};
			name = Release;
		};
		D920FD9C18A83F0D000B7C5F /* Debug */ = {
			isa = XCBuildConfiguration;
			buildSettings = {
				ASSETCATALOG_COMPILER_APPICON_NAME = AppIcon;
				ASSETCATALOG_COMPILER_LAUNCHIMAGE_NAME = LaunchImage;
				CLANG_ENABLE_OBJC_ARC = NO;
				GCC_PRECOMPILE_PREFIX_HEADER = YES;
				GCC_PREFIX_HEADER = "HelloWorld/HelloWorld-Prefix.pch";
				INFOPLIST_FILE = "HelloWorld/HelloWorld-Info.plist";
				PRODUCT_NAME = "$(TARGET_NAME)";
				WRAPPER_EXTENSION = app;
			};
			name = Debug;
		};
		D920FD9D18A83F0D000B7C5F /* Release */ = {
			isa = XCBuildConfiguration;
			buildSettings = {
				ASSETCATALOG_COMPILER_APPICON_NAME = AppIcon;
				ASSETCATALOG_COMPILER_LAUNCHIMAGE_NAME = LaunchImage;
				CLANG_ENABLE_OBJC_ARC = NO;
				GCC_PRECOMPILE_PREFIX_HEADER = YES;
				GCC_PREFIX_HEADER = "HelloWorld/HelloWorld-Prefix.pch";
				INFOPLIST_FILE = "HelloWorld/HelloWorld-Info.plist";
				PRODUCT_NAME = "$(TARGET_NAME)";
				WRAPPER_EXTENSION = app;
			};
			name = Release;
		};
		D920FD9F18A83F0D000B7C5F /* Debug */ = {
			isa = XCBuildConfiguration;
			buildSettings = {
				ARCHS = "$(ARCHS_STANDARD_INCLUDING_64_BIT)";
				BUNDLE_LOADER = "$(BUILT_PRODUCTS_DIR)/HelloWorld.app/HelloWorld";
				FRAMEWORK_SEARCH_PATHS = (
					"$(SDKROOT)/Developer/Library/Frameworks",
					"$(inherited)",
					"$(DEVELOPER_FRAMEWORKS_DIR)",
				);
				GCC_PRECOMPILE_PREFIX_HEADER = YES;
				GCC_PREFIX_HEADER = "HelloWorld/HelloWorld-Prefix.pch";
				GCC_PREPROCESSOR_DEFINITIONS = (
					"DEBUG=1",
					"$(inherited)",
				);
				INFOPLIST_FILE = "HelloWorldTests/HelloWorldTests-Info.plist";
				PRODUCT_NAME = "$(TARGET_NAME)";
				TEST_HOST = "$(BUNDLE_LOADER)";
				WRAPPER_EXTENSION = xctest;
			};
			name = Debug;
		};
		D920FDA018A83F0D000B7C5F /* Release */ = {
			isa = XCBuildConfiguration;
			buildSettings = {
				ARCHS = "$(ARCHS_STANDARD_INCLUDING_64_BIT)";
				BUNDLE_LOADER = "$(BUILT_PRODUCTS_DIR)/HelloWorld.app/HelloWorld";
				FRAMEWORK_SEARCH_PATHS = (
					"$(SDKROOT)/Developer/Library/Frameworks",
					"$(inherited)",
					"$(DEVELOPER_FRAMEWORKS_DIR)",
				);
				GCC_PRECOMPILE_PREFIX_HEADER = YES;
				GCC_PREFIX_HEADER = "HelloWorld/HelloWorld-Prefix.pch";
				INFOPLIST_FILE = "HelloWorldTests/HelloWorldTests-Info.plist";
				PRODUCT_NAME = "$(TARGET_NAME)";
				TEST_HOST = "$(BUNDLE_LOADER)";
				WRAPPER_EXTENSION = xctest;
			};
			name = Release;
		};
/* End XCBuildConfiguration section */

/* Begin XCConfigurationList section */
		D920FD6418A83F0D000B7C5F /* Build configuration list for PBXProject "HelloWorld" */ = {
			isa = XCConfigurationList;
			buildConfigurations = (
				D920FD9918A83F0D000B7C5F /* Debug */,
				D920FD9A18A83F0D000B7C5F /* Release */,
			);
			defaultConfigurationIsVisible = 0;
			defaultConfigurationName = Release;
		};
		D920FD9B18A83F0D000B7C5F /* Build configuration list for PBXNativeTarget "HelloWorld" */ = {
			isa = XCConfigurationList;
			buildConfigurations = (
				D920FD9C18A83F0D000B7C5F /* Debug */,
				D920FD9D18A83F0D000B7C5F /* Release */,
			);
			defaultConfigurationIsVisible = 0;
			defaultConfigurationName = Release;
		};
		D920FD9E18A83F0D000B7C5F /* Build configuration list for PBXNativeTarget "HelloWorldTests" */ = {
			isa = XCConfigurationList;
			buildConfigurations = (
				D920FD9F18A83F0D000B7C5F /* Debug */,
				D920FDA018A83F0D000B7C5F /* Release */,
			);
			defaultConfigurationIsVisible = 0;
			defaultConfigurationName = Release;
		};
/* End XCConfigurationList section */
	};
	rootObject = D920FD6118A83F0D000B7C5F /* Project object */;
}
